
Microsoft Visual Studio Solution File, Format Version 12.00
# Visual Studio 15
VisualStudioVersion = 15.0.27924.0
MinimumVisualStudioVersion = 10.0.40219.1
Project("{9A19103F-16F7-4668-BE54-9A1E7A4F7556}") = "Sample.Chat", "Sample.Chat\Sample.Chat.csproj", "{82E5BB5D-D16B-467C-B6DC-BD497C3373CB}"
EndProject
Global
	GlobalSection(SolutionConfigurationPlatforms) = preSolution
		Debug|Any CPU = Debug|Any CPU
		Release|Any CPU = Release|Any CPU
	EndGlobalSection
	GlobalSection(ProjectConfigurationPlatforms) = postSolution
		{82E5BB5D-D16B-467C-B6DC-BD497C3373CB}.Debug|Any CPU.ActiveCfg = Debug|Any CPU
		{82E5BB5D-D16B-467C-B6DC-BD497C3373CB}.Debug|Any CPU.Build.0 = Debug|Any CPU
		{82E5BB5D-D16B-467C-B6DC-BD497C3373CB}.Release|Any CPU.ActiveCfg = Release|Any CPU
		{82E5BB5D-D16B-467C-B6DC-BD497C3373CB}.Release|Any CPU.Build.0 = Release|Any CPU
	EndGlobalSection
	GlobalSection(SolutionProperties) = preSolution
		HideSolutionNode = FALSE
	EndGlobalSection
	GlobalSection(ExtensibilityGlobals) = postSolution
		SolutionGuid = {75D88538-AC6C-4B15-B3E1-733C402C8555}
	EndGlobalSection
EndGlobal
